// !$*UTF8*$!
{
	archiveVersion = 1;
	classes = {
	};
	objectVersion = 50;
	objects = {

/* Begin PBXBuildFile section */
		69A0DDCE24E0DC4D00062175 /* AppDelegate.swift in Sources */ = {isa = PBXBuildFile; fileRef = 69A0DDCD24E0DC4D00062175 /* AppDelegate.swift */; };
		69A0DDD024E0DC4D00062175 /* SceneDelegate.swift in Sources */ = {isa = PBXBuildFile; fileRef = 69A0DDCF24E0DC4D00062175 /* SceneDelegate.swift */; };
		69A0DDD224E0DC4D00062175 /* ViewController.swift in Sources */ = {isa = PBXBuildFile; fileRef = 69A0DDD124E0DC4D00062175 /* ViewController.swift */; };
		69A0DDD524E0DC4D00062175 /* Main.storyboard in Resources */ = {isa = PBXBuildFile; fileRef = 69A0DDD324E0DC4D00062175 /* Main.storyboard */; };
		69A0DDD724E0DC4E00062175 /* Assets.xcassets in Resources */ = {isa = PBXBuildFile; fileRef = 69A0DDD624E0DC4E00062175 /* Assets.xcassets */; };
		69A0DDDA24E0DC4E00062175 /* LaunchScreen.storyboard in Resources */ = {isa = PBXBuildFile; fileRef = 69A0DDD824E0DC4E00062175 /* LaunchScreen.storyboard */; };
/* End PBXBuildFile section */

/* Begin PBXFileReference section */
		69A0DDCA24E0DC4D00062175 /* AlarmAlert.app */ = {isa = PBXFileReference; explicitFileType = wrapper.application; includeInIndex = 0; path = AlarmAlert.app; sourceTree = BUILT_PRODUCTS_DIR; };
		69A0DDCD24E0DC4D00062175 /* AppDelegate.swift */ = {isa = PBXFileReference; lastKnownFileType = sourcecode.swift; path = AppDelegate.swift; sourceTree = "<group>"; };
		69A0DDCF24E0DC4D00062175 /* SceneDelegate.swift */ = {isa = PBXFileReference; lastKnownFileType = sourcecode.swift; path = SceneDelegate.swift; sourceTree = "<group>"; };
		69A0DDD124E0DC4D00062175 /* ViewController.swift */ = {isa = PBXFileReference; lastKnownFileType = sourcecode.swift; path = ViewController.swift; sourceTree = "<group>"; };
		69A0DDD424E0DC4D00062175 /* Base */ = {isa = PBXFileReference; lastKnownFileType = file.storyboard; name = Base; path = Base.lproj/Main.storyboard; sourceTree = "<group>"; };
		69A0DDD624E0DC4E00062175 /* Assets.xcassets */ = {isa = PBXFileReference; lastKnownFileType = folder.assetcatalog; path = Assets.xcassets; sourceTree = "<group>"; };
		69A0DDD924E0DC4E00062175 /* Base */ = {isa = PBXFileReference; lastKnownFileType = file.storyboard; name = Base; path = Base.lproj/LaunchScreen.storyboard; sourceTree = "<group>"; };
		69A0DDDB24E0DC4E00062175 /* Info.plist */ = {isa = PBXFileReference; lastKnownFileType = text.plist.xml; path = Info.plist; sourceTree = "<group>"; };
/* End PBXFileReference section */

/* Begin PBXFrameworksBuildPhase section */
		69A0DDC724E0DC4D00062175 /* Frameworks */ = {
			isa = PBXFrameworksBuildPhase;
			buildActionMask = 2147483647;
			files = (
			);
			runOnlyForDeploymentPostprocessing = 0;
		};
/* End PBXFrameworksBuildPhase section */

/* Begin PBXGroup section */
		69A0DDC124E0DC4D00062175 = {
			isa = PBXGroup;
			children = (
				69A0DDCC24E0DC4D00062175 /* AlarmAlert */,
				69A0DDCB24E0DC4D00062175 /* Products */,
			);
			sourceTree = "<group>";
		};
		69A0DDCB24E0DC4D00062175 /* Products */ = {
			isa = PBXGroup;
			children = (
				69A0DDCA24E0DC4D00062175 /* AlarmAlert.app */,
			);
			name = Products;
			sourceTree = "<group>";
		};
		69A0DDCC24E0DC4D00062175 /* AlarmAlert */ = {
			isa = PBXGroup;
			children = (
				69A0DDCD24E0DC4D00062175 /* AppDelegate.swift */,
				69A0DDCF24E0DC4D00062175 /* SceneDelegate.swift */,
				69A0DDD124E0DC4D00062175 /* ViewController.swift */,
				69A0DDD324E0DC4D00062175 /* Main.storyboard */,
				69A0DDD624E0DC4E00062175 /* Assets.xcassets */,
				69A0DDD824E0DC4E00062175 /* LaunchScreen.storyboard */,
				69A0DDDB24E0DC4E00062175 /* Info.plist */,
			);
			path = AlarmAlert;
			sourceTree = "<group>";
		};
/* End PBXGroup section */

/* Begin PBXNativeTarget section */
		69A0DDC924E0DC4D00062175 /* AlarmAlert */ = {
			isa = PBXNativeTarget;
			buildConfigurationList = 69A0DDDE24E0DC4E00062175 /* Build configuration list for PBXNativeTarget "AlarmAlert" */;
			buildPhases = (
				69A0DDC624E0DC4D00062175 /* Sources */,
				69A0DDC724E0DC4D00062175 /* Frameworks */,
				69A0DDC824E0DC4D00062175 /* Resources */,
			);
			buildRules = (
			);
			dependencies = (
			);
			name = AlarmAlert;
			productName = AlarmAlert;
			productReference = 69A0DDCA24E0DC4D00062175 /* AlarmAlert.app */;
			productType = "com.apple.product-type.application";
		};
/* End PBXNativeTarget section */

/* Begin PBXProject section */
		69A0DDC224E0DC4D00062175 /* Project object */ = {
			isa = PBXProject;
			attributes = {
				LastSwiftUpdateCheck = 1160;
				LastUpgradeCheck = 1160;
				ORGANIZATIONNAME = "Juyeop Kim";
				TargetAttributes = {
					69A0DDC924E0DC4D00062175 = {
						CreatedOnToolsVersion = 11.6;
					};
				};
			};
			buildConfigurationList = 69A0DDC524E0DC4D00062175 /* Build configuration list for PBXProject "AlarmAlert" */;
			compatibilityVersion = "Xcode 9.3";
			developmentRegion = en;
			hasScannedForEncodings = 0;
			knownRegions = (
				en,
				Base,
			);
			mainGroup = 69A0DDC124E0DC4D00062175;
			productRefGroup = 69A0DDCB24E0DC4D00062175 /* Products */;
			projectDirPath = "";
			projectRoot = "";
			targets = (
				69A0DDC924E0DC4D00062175 /* AlarmAlert */,
			);
		};
/* End PBXProject section */

/* Begin PBXResourcesBuildPhase section */
		69A0DDC824E0DC4D00062175 /* Resources */ = {
			isa = PBXResourcesBuildPhase;
			buildActionMask = 2147483647;
			files = (
				69A0DDDA24E0DC4E00062175 /* LaunchScreen.storyboard in Resources */,
				69A0DDD724E0DC4E00062175 /* Assets.xcassets in Resources */,
				69A0DDD524E0DC4D00062175 /* Main.storyboard in Resources */,
			);
			runOnlyForDeploymentPostprocessing = 0;
		};
/* End PBXResourcesBuildPhase section */

/* Begin PBXSourcesBuildPhase section */
		69A0DDC624E0DC4D00062175 /* Sources */ = {
			isa = PBXSourcesBuildPhase;
			buildActionMask = 2147483647;
			files = (
				69A0DDD224E0DC4D00062175 /* ViewController.swift in Sources */,
				69A0DDCE24E0DC4D00062175 /* AppDelegate.swift in Sources */,
				69A0DDD024E0DC4D00062175 /* SceneDelegate.swift in Sources */,
			);
			runOnlyForDeploymentPostprocessing = 0;
		};
/* End PBXSourcesBuildPhase section */

/* Begin PBXVariantGroup section */
		69A0DDD324E0DC4D00062175 /* Main.storyboard */ = {
			isa = PBXVariantGroup;
			children = (
				69A0DDD424E0DC4D00062175 /* Base */,
			);
			name = Main.storyboard;
			sourceTree = "<group>";
		};
		69A0DDD824E0DC4E00062175 /* LaunchScreen.storyboard */ = {
			isa = PBXVariantGroup;
			children = (
				69A0DDD924E0DC4E00062175 /* Base */,
			);
			name = LaunchScreen.storyboard;
			sourceTree = "<group>";
		};
/* End PBXVariantGroup section */

/* Begin XCBuildConfiguration section */
		69A0DDDC24E0DC4E00062175 /* Debug */ = {
			isa = XCBuildConfiguration;
			buildSettings = {
				ALWAYS_SEARCH_USER_PATHS = NO;
				CLANG_ANALYZER_NONNULL = YES;
				CLANG_ANALYZER_NUMBER_OBJECT_CONVERSION = YES_AGGRESSIVE;
				CLANG_CXX_LANGUAGE_STANDARD = "gnu++14";
				CLANG_CXX_LIBRARY = "libc++";
				CLANG_ENABLE_MODULES = YES;
				CLANG_ENABLE_OBJC_ARC = YES;
				CLANG_ENABLE_OBJC_WEAK = YES;
				CLANG_WARN_BLOCK_CAPTURE_AUTORELEASING = YES;
				CLANG_WARN_BOOL_CONVERSION = YES;
				CLANG_WARN_COMMA = YES;
				CLANG_WARN_CONSTANT_CONVERSION = YES;
				CLANG_WARN_DEPRECATED_OBJC_IMPLEMENTATIONS = YES;
				CLANG_WARN_DIRECT_OBJC_ISA_USAGE = YES_ERROR;
				CLANG_WARN_DOCUMENTATION_COMMENTS = YES;
				CLANG_WARN_EMPTY_BODY = YES;
				CLANG_WARN_ENUM_CONVERSION = YES;
				CLANG_WARN_INFINITE_RECURSION = YES;
				CLANG_WARN_INT_CONVERSION = YES;
				CLANG_WARN_NON_LITERAL_NULL_CONVERSION = YES;
				CLANG_WARN_OBJC_IMPLICIT_RETAIN_SELF = YES;
				CLANG_WARN_OBJC_LITERAL_CONVERSION = YES;
				CLANG_WARN_OBJC_ROOT_CLASS = YES_ERROR;
				CLANG_WARN_RANGE_LOOP_ANALYSIS = YES;
				CLANG_WARN_STRICT_PROTOTYPES = YES;
				CLANG_WARN_SUSPICIOUS_MOVE = YES;
				CLANG_WARN_UNGUARDED_AVAILABILITY = YES_AGGRESSIVE;
				CLANG_WARN_UNREACHABLE_CODE = YES;
				CLANG_WARN__DUPLICATE_METHOD_MATCH = YES;
				COPY_PHASE_STRIP = NO;
				DEBUG_INFORMATION_FORMAT = dwarf;
				ENABLE_STRICT_OBJC_MSGSEND = YES;
				ENABLE_TESTABILITY = YES;
				GCC_C_LANGUAGE_STANDARD = gnu11;
				GCC_DYNAMIC_NO_PIC = NO;
				GCC_NO_COMMON_BLOCKS = YES;
				GCC_OPTIMIZATION_LEVEL = 0;
				GCC_PREPROCESSOR_DEFINITIONS = (
					"DEBUG=1",
					"$(inherited)",
				);
				GCC_WARN_64_TO_32_BIT_CONVERSION = YES;
				GCC_WARN_ABOUT_RETURN_TYPE = YES_ERROR;
				GCC_WARN_UNDECLARED_SELECTOR = YES;
				GCC_WARN_UNINITIALIZED_AUTOS = YES_AGGRESSIVE;
				GCC_WARN_UNUSED_FUNCTION = YES;
				GCC_WARN_UNUSED_VARIABLE = YES;
				IPHONEOS_DEPLOYMENT_TARGET = 13.6;
				MTL_ENABLE_DEBUG_INFO = INCLUDE_SOURCE;
				MTL_FAST_MATH = YES;
				ONLY_ACTIVE_ARCH = YES;
				SDKROOT = iphoneos;
				SWIFT_ACTIVE_COMPILATION_CONDITIONS = DEBUG;
				SWIFT_OPTIMIZATION_LEVEL = "-Onone";
			};
			name = Debug;
		};
		69A0DDDD24E0DC4E00062175 /* Release */ = {
			isa = XCBuildConfiguration;
			buildSettings = {
				ALWAYS_SEARCH_USER_PATHS = NO;
				CLANG_ANALYZER_NONNULL = YES;
				CLANG_ANALYZER_NUMBER_OBJECT_CONVERSION = YES_AGGRESSIVE;
				CLANG_CXX_LANGUAGE_STANDARD = "gnu++14";
				CLANG_CXX_LIBRARY = "libc++";
				CLANG_ENABLE_MODULES = YES;
				CLANG_ENABLE_OBJC_ARC = YES;
				CLANG_ENABLE_OBJC_WEAK = YES;
				CLANG_WARN_BLOCK_CAPTURE_AUTORELEASING = YES;
				CLANG_WARN_BOOL_CONVERSION = YES;
				CLANG_WARN_COMMA = YES;
				CLANG_WARN_CONSTANT_CONVERSION = YES;
				CLANG_WARN_DEPRECATED_OBJC_IMPLEMENTATIONS = YES;
				CLANG_WARN_DIRECT_OBJC_ISA_USAGE = YES_ERROR;
				CLANG_WARN_DOCUMENTATION_COMMENTS = YES;
				CLANG_WARN_EMPTY_BODY = YES;
				CLANG_WARN_ENUM_CONVERSION = YES;
				CLANG_WARN_INFINITE_RECURSION = YES;
				CLANG_WARN_INT_CONVERSION = YES;
				CLANG_WARN_NON_LITERAL_NULL_CONVERSION = YES;
				CLANG_WARN_OBJC_IMPLICIT_RETAIN_SELF = YES;
				CLANG_WARN_OBJC_LITERAL_CONVERSION = YES;
				CLANG_WARN_OBJC_ROOT_CLASS = YES_ERROR;
				CLANG_WARN_RANGE_LOOP_ANALYSIS = YES;
				CLANG_WARN_STRICT_PROTOTYPES = YES;
				CLANG_WARN_SUSPICIOUS_MOVE = YES;
				CLANG_WARN_UNGUARDED_AVAILABILITY = YES_AGGRESSIVE;
				CLANG_WARN_UNREACHABLE_CODE = YES;
				CLANG_WARN__DUPLICATE_METHOD_MATCH = YES;
				COPY_PHASE_STRIP = NO;
				DEBUG_INFORMATION_FORMAT = "dwarf-with-dsym";
				ENABLE_NS_ASSERTIONS = NO;
				ENABLE_STRICT_OBJC_MSGSEND = YES;
				GCC_C_LANGUAGE_STANDARD = gnu11;
				GCC_NO_COMMON_BLOCKS = YES;
				GCC_WARN_64_TO_32_BIT_CONVERSION = YES;
				GCC_WARN_ABOUT_RETURN_TYPE = YES_ERROR;
				GCC_WARN_UNDECLARED_SELECTOR = YES;
				GCC_WARN_UNINITIALIZED_AUTOS = YES_AGGRESSIVE;
				GCC_WARN_UNUSED_FUNCTION = YES;
				GCC_WARN_UNUSED_VARIABLE = YES;
				IPHONEOS_DEPLOYMENT_TARGET = 13.6;
				MTL_ENABLE_DEBUG_INFO = NO;
				MTL_FAST_MATH = YES;
				SDKROOT = iphoneos;
				SWIFT_COMPILATION_MODE = wholemodule;
				SWIFT_OPTIMIZATION_LEVEL = "-O";
				VALIDATE_PRODUCT = YES;
			};
			name = Release;
		};
		69A0DDDF24E0DC4E00062175 /* Debug */ = {
			isa = XCBuildConfiguration;
			buildSettings = {
				ASSETCATALOG_COMPILER_APPICON_NAME = AppIcon;
				CODE_SIGN_STYLE = Automatic;
				INFOPLIST_FILE = AlarmAlert/Info.plist;
				LD_RUNPATH_SEARCH_PATHS = (
					"$(inherited)",
					"@executable_path/Frameworks",
				);
				PRODUCT_BUNDLE_IDENTIFIER = kr.hs.dgsw.juyeop.AlarmAlert;
				PRODUCT_NAME = "$(TARGET_NAME)";
				SWIFT_VERSION = 5.0;
				TARGETED_DEVICE_FAMILY = "1,2";
			};
			name = Debug;
		};
		69A0DDE024E0DC4E00062175 /* Release */ = {
			isa = XCBuildConfiguration;
			buildSettings = {
				ASSETCATALOG_COMPILER_APPICON_NAME = AppIcon;
				CODE_SIGN_STYLE = Automatic;
				INFOPLIST_FILE = AlarmAlert/Info.plist;
				LD_RUNPATH_SEARCH_PATHS = (
					"$(inherited)",
					"@executable_path/Frameworks",
				);
				PRODUCT_BUNDLE_IDENTIFIER = kr.hs.dgsw.juyeop.AlarmAlert;
				PRODUCT_NAME = "$(TARGET_NAME)";
				SWIFT_VERSION = 5.0;
				TARGETED_DEVICE_FAMILY = "1,2";
			};
			name = Release;
		};
/* End XCBuildConfiguration section */

/* Begin XCConfigurationList section */
		69A0DDC524E0DC4D00062175 /* Build configuration list for PBXProject "AlarmAlert" */ = {
			isa = XCConfigurationList;
			buildConfigurations = (
				69A0DDDC24E0DC4E00062175 /* Debug */,
				69A0DDDD24E0DC4E00062175 /* Release */,
			);
			defaultConfigurationIsVisible = 0;
			defaultConfigurationName = Release;
		};
		69A0DDDE24E0DC4E00062175 /* Build configuration list for PBXNativeTarget "AlarmAlert" */ = {
			isa = XCConfigurationList;
			buildConfigurations = (
				69A0DDDF24E0DC4E00062175 /* Debug */,
				69A0DDE024E0DC4E00062175 /* Release */,
			);
			defaultConfigurationIsVisible = 0;
			defaultConfigurationName = Release;
		};
/* End XCConfigurationList section */
	};
	rootObject = 69A0DDC224E0DC4D00062175 /* Project object */;
}
